<?xml version="1.0" encoding="UTF-8" standalone="yes" ?>
<CodeBlocks_project_file>
	<FileVersion major="1" minor="6" />
	<Project>
		<Option title="binPath" />
		<Option pch_mode="2" />
		<Option compiler="gcc" />
		<Build>
			<Target title="Release">
				<Option output="binPath" prefix_auto="1" extension_auto="1" />
				<Option object_output="/home/andrec/workspace_c/binPath" />
				<Option type="1" />
				<Option compiler="gcc" />
			</Target>
		</Build>
		<Compiler>
			<Add option="-Wall" />
		</Compiler>
		<Unit filename="README.md" />
		<Unit filename="auxliarInformation/Signed Binary Numbers and Two&apos;s Complement Numbers.html" />
		<Unit filename="b" />
		<Unit filename="b2" />
		<Unit filename="binConcepts" />
		<Unit filename="binPath.c">
			<Option compilerVar="CC" />
		</Unit>
		<Unit filename="cryptTest/ABC_Encypted" />
		<Unit filename="cryptTest/fileABC" />
		<Unit filename="gen-keys.sh" />
		<Unit filename="ideas/add_equals_sub/have_a_binary_number_that_when_added_and_subtracted_adds_or_subtracts_conformalling" />
		<Unit filename="ideas/add_equals_sub/imp" />
		<Unit filename="ideas/add_sub_xor/add_sub_xor" />
		<Unit filename="ideas/linux_ideas/idea.txt" />
		<Unit filename="ideas/sets/sets.txt" />
		<Unit filename="license" />
		<Unit filename="problems" />
		<Extensions>
			<code_completion />
			<debugger />
		</Extensions>
	</Project>
</CodeBlocks_project_file>
